// !$*UTF8*$!
{
	archiveVersion = 1;
	classes = {
	};
	objectVersion = 46;
	objects = {

/* Begin PBXBuildFile section */
		EF032C1A1F7109C700AB6596 /* SettingTextField.swift in Sources */ = {isa = PBXBuildFile; fileRef = EF032C191F7109C700AB6596 /* SettingTextField.swift */; };
		EF036E691F664E1B00106B4C /* EditBookViewController.swift in Sources */ = {isa = PBXBuildFile; fileRef = EF036E681F664E1B00106B4C /* EditBookViewController.swift */; };
		EF036E6B1F6696BE00106B4C /* BeforeSettingViewController.swift in Sources */ = {isa = PBXBuildFile; fileRef = EF036E6A1F6696BE00106B4C /* BeforeSettingViewController.swift */; };
		EF0717081F724FBA00732883 /* BookCell.swift in Sources */ = {isa = PBXBuildFile; fileRef = EF0717071F724FBA00732883 /* BookCell.swift */; };
		EF0800F11F65425C0042D566 /* AddBookViewController.swift in Sources */ = {isa = PBXBuildFile; fileRef = EF0800F01F65425C0042D566 /* AddBookViewController.swift */; };
		EF0AAE131F6773A800E19987 /* TabBarSetting.swift in Sources */ = {isa = PBXBuildFile; fileRef = EF0AAE121F6773A800E19987 /* TabBarSetting.swift */; };
		EF0AAE151F67A33100E19987 /* AccountSettingViewController.swift in Sources */ = {isa = PBXBuildFile; fileRef = EF0AAE141F67A33100E19987 /* AccountSettingViewController.swift */; };
		EF0FEF811F7E2D0900D7B838 /* SettingUI.swift in Sources */ = {isa = PBXBuildFile; fileRef = EF0FEF801F7E2D0900D7B838 /* SettingUI.swift */; };
		EF13394B1F6A05820073EACF /* .swiftlint.yml in Resources */ = {isa = PBXBuildFile; fileRef = EF13394A1F6A05820073EACF /* .swiftlint.yml */; };
		EF1339581F6A1DD20073EACF /* R.generated.swift in Sources */ = {isa = PBXBuildFile; fileRef = EF1339571F6A1DD20073EACF /* R.generated.swift */; };
		EF1339591F6A1EF00073EACF /* Rswift.framework in Frameworks */ = {isa = PBXBuildFile; fileRef = EF13394D1F6A14160073EACF /* Rswift.framework */; };
		EF13395C1F6A248F0073EACF /* Localizable.strings in Resources */ = {isa = PBXBuildFile; fileRef = EF13395E1F6A248F0073EACF /* Localizable.strings */; };
		EF1800321F6114F600D65DB7 /* AppDelegate.swift in Sources */ = {isa = PBXBuildFile; fileRef = EF1800311F6114F600D65DB7 /* AppDelegate.swift */; };
		EF1800341F6114F600D65DB7 /* LoginViewController.swift in Sources */ = {isa = PBXBuildFile; fileRef = EF1800331F6114F600D65DB7 /* LoginViewController.swift */; };
		EF1800471F6114F600D65DB7 /* _________iOSTests.swift in Sources */ = {isa = PBXBuildFile; fileRef = EF1800461F6114F600D65DB7 /* _________iOSTests.swift */; };
		EF1800521F6114F600D65DB7 /* _________iOSUITests.swift in Sources */ = {isa = PBXBuildFile; fileRef = EF1800511F6114F600D65DB7 /* _________iOSUITests.swift */; };
		EF37574F1F626DF400FBCF6E /* BooksViewController.swift in Sources */ = {isa = PBXBuildFile; fileRef = EF37574E1F626DF400FBCF6E /* BooksViewController.swift */; };
		EF500D101F846DA10043566B /* adventure.jpg in Resources */ = {isa = PBXBuildFile; fileRef = EF500D0F1F846DA10043566B /* adventure.jpg */; };
		EF500D161F846DC50043566B /* animal.jpg in Resources */ = {isa = PBXBuildFile; fileRef = EF500D111F846DC50043566B /* animal.jpg */; };
		EF500D171F846DC50043566B /* azarasi.jpg in Resources */ = {isa = PBXBuildFile; fileRef = EF500D121F846DC50043566B /* azarasi.jpg */; };
		EF500D181F846DC50043566B /* himatubusi.jpg in Resources */ = {isa = PBXBuildFile; fileRef = EF500D131F846DC50043566B /* himatubusi.jpg */; };
		EF500D191F846DC50043566B /* noimage.png in Resources */ = {isa = PBXBuildFile; fileRef = EF500D141F846DC50043566B /* noimage.png */; };
		EF500D1A1F846DC50043566B /* waste.jpg in Resources */ = {isa = PBXBuildFile; fileRef = EF500D151F846DC50043566B /* waste.jpg */; };
		EFD1F3731F6F444E003C62BD /* Book.swift in Sources */ = {isa = PBXBuildFile; fileRef = EFD1F3721F6F444E003C62BD /* Book.swift */; };
/* End PBXBuildFile section */

/* Begin PBXBuildRule section */
		EF18DD6C1F6924F200C0EAE4 /* PBXBuildRule */ = {
			isa = PBXBuildRule;
			compilerSpec = com.apple.compilers.proxy.script;
			fileType = pattern.proxy;
			isEditable = 1;
			outputFiles = (
			);
		};
/* End PBXBuildRule section */

/* Begin PBXContainerItemProxy section */
		EF1800431F6114F600D65DB7 /* PBXContainerItemProxy */ = {
			isa = PBXContainerItemProxy;
			containerPortal = EF1800261F6114F600D65DB7 /* Project object */;
			proxyType = 1;
			remoteGlobalIDString = EF18002D1F6114F600D65DB7;
			remoteInfo = "書籍管理アプリ-iOS";
		};
		EF18004E1F6114F600D65DB7 /* PBXContainerItemProxy */ = {
			isa = PBXContainerItemProxy;
			containerPortal = EF1800261F6114F600D65DB7 /* Project object */;
			proxyType = 1;
			remoteGlobalIDString = EF18002D1F6114F600D65DB7;
			remoteInfo = "書籍管理アプリ-iOS";
		};
/* End PBXContainerItemProxy section */

/* Begin PBXFileReference section */
		EF032C191F7109C700AB6596 /* SettingTextField.swift */ = {isa = PBXFileReference; fileEncoding = 4; lastKnownFileType = sourcecode.swift; name = SettingTextField.swift; path = ../SettingTextField.swift; sourceTree = "<group>"; };
		EF036E681F664E1B00106B4C /* EditBookViewController.swift */ = {isa = PBXFileReference; fileEncoding = 4; lastKnownFileType = sourcecode.swift; path = EditBookViewController.swift; sourceTree = "<group>"; };
		EF036E6A1F6696BE00106B4C /* BeforeSettingViewController.swift */ = {isa = PBXFileReference; fileEncoding = 4; lastKnownFileType = sourcecode.swift; path = BeforeSettingViewController.swift; sourceTree = "<group>"; };
		EF0717071F724FBA00732883 /* BookCell.swift */ = {isa = PBXFileReference; fileEncoding = 4; lastKnownFileType = sourcecode.swift; path = BookCell.swift; sourceTree = "<group>"; };
		EF0800F01F65425C0042D566 /* AddBookViewController.swift */ = {isa = PBXFileReference; fileEncoding = 4; lastKnownFileType = sourcecode.swift; path = AddBookViewController.swift; sourceTree = "<group>"; };
		EF0AAE121F6773A800E19987 /* TabBarSetting.swift */ = {isa = PBXFileReference; fileEncoding = 4; lastKnownFileType = sourcecode.swift; path = TabBarSetting.swift; sourceTree = "<group>"; };
		EF0AAE141F67A33100E19987 /* AccountSettingViewController.swift */ = {isa = PBXFileReference; fileEncoding = 4; lastKnownFileType = sourcecode.swift; path = AccountSettingViewController.swift; sourceTree = "<group>"; };
		EF0FEF801F7E2D0900D7B838 /* SettingUI.swift */ = {isa = PBXFileReference; fileEncoding = 4; lastKnownFileType = sourcecode.swift; path = SettingUI.swift; sourceTree = "<group>"; };
		EF13394A1F6A05820073EACF /* .swiftlint.yml */ = {isa = PBXFileReference; fileEncoding = 4; lastKnownFileType = text; path = .swiftlint.yml; sourceTree = "<group>"; };
		EF13394D1F6A14160073EACF /* Rswift.framework */ = {isa = PBXFileReference; lastKnownFileType = wrapper.framework; name = Rswift.framework; path = Carthage/Build/iOS/Rswift.framework; sourceTree = "<group>"; };
		EF1339551F6A1D1A0073EACF /* rswift */ = {isa = PBXFileReference; lastKnownFileType = "compiled.mach-o.executable"; path = rswift; sourceTree = "<group>"; };
		EF1339571F6A1DD20073EACF /* R.generated.swift */ = {isa = PBXFileReference; fileEncoding = 4; lastKnownFileType = sourcecode.swift; path = R.generated.swift; sourceTree = "<group>"; };
		EF13395D1F6A248F0073EACF /* Base */ = {isa = PBXFileReference; lastKnownFileType = text.plist.strings; name = Base; path = Base.lproj/Localizable.strings; sourceTree = "<group>"; };
		EF13395F1F6A25330073EACF /* ja */ = {isa = PBXFileReference; lastKnownFileType = text.plist.strings; name = ja; path = ja.lproj/Localizable.strings; sourceTree = "<group>"; };
		EF18002E1F6114F600D65DB7 /* 書籍管理アプリ-iOS.app */ = {isa = PBXFileReference; explicitFileType = wrapper.application; includeInIndex = 0; path = "書籍管理アプリ-iOS.app"; sourceTree = BUILT_PRODUCTS_DIR; };
		EF1800311F6114F600D65DB7 /* AppDelegate.swift */ = {isa = PBXFileReference; lastKnownFileType = sourcecode.swift; path = AppDelegate.swift; sourceTree = "<group>"; };
		EF1800331F6114F600D65DB7 /* LoginViewController.swift */ = {isa = PBXFileReference; lastKnownFileType = sourcecode.swift; path = LoginViewController.swift; sourceTree = "<group>"; };
		EF18003D1F6114F600D65DB7 /* Info.plist */ = {isa = PBXFileReference; lastKnownFileType = text.plist.xml; path = Info.plist; sourceTree = "<group>"; };
		EF1800421F6114F600D65DB7 /* 書籍管理アプリ-iOSTests.xctest */ = {isa = PBXFileReference; explicitFileType = wrapper.cfbundle; includeInIndex = 0; path = "書籍管理アプリ-iOSTests.xctest"; sourceTree = BUILT_PRODUCTS_DIR; };
		EF1800461F6114F600D65DB7 /* _________iOSTests.swift */ = {isa = PBXFileReference; lastKnownFileType = sourcecode.swift; path = "_________iOSTests.swift"; sourceTree = "<group>"; };
		EF1800481F6114F600D65DB7 /* Info.plist */ = {isa = PBXFileReference; lastKnownFileType = text.plist.xml; path = Info.plist; sourceTree = "<group>"; };
		EF18004D1F6114F600D65DB7 /* 書籍管理アプリ-iOSUITests.xctest */ = {isa = PBXFileReference; explicitFileType = wrapper.cfbundle; includeInIndex = 0; path = "書籍管理アプリ-iOSUITests.xctest"; sourceTree = BUILT_PRODUCTS_DIR; };
		EF1800511F6114F600D65DB7 /* _________iOSUITests.swift */ = {isa = PBXFileReference; lastKnownFileType = sourcecode.swift; path = "_________iOSUITests.swift"; sourceTree = "<group>"; };
		EF1800531F6114F600D65DB7 /* Info.plist */ = {isa = PBXFileReference; lastKnownFileType = text.plist.xml; path = Info.plist; sourceTree = "<group>"; };
		EF37574E1F626DF400FBCF6E /* BooksViewController.swift */ = {isa = PBXFileReference; fileEncoding = 4; lastKnownFileType = sourcecode.swift; path = BooksViewController.swift; sourceTree = "<group>"; };
		EF500D0F1F846DA10043566B /* adventure.jpg */ = {isa = PBXFileReference; lastKnownFileType = image.jpeg; name = adventure.jpg; path = ../../../Documents/adventure.jpg; sourceTree = "<group>"; };
		EF500D111F846DC50043566B /* animal.jpg */ = {isa = PBXFileReference; lastKnownFileType = image.jpeg; name = animal.jpg; path = ../../../Documents/animal.jpg; sourceTree = "<group>"; };
		EF500D121F846DC50043566B /* azarasi.jpg */ = {isa = PBXFileReference; lastKnownFileType = image.jpeg; name = azarasi.jpg; path = ../../../Documents/azarasi.jpg; sourceTree = "<group>"; };
		EF500D131F846DC50043566B /* himatubusi.jpg */ = {isa = PBXFileReference; lastKnownFileType = image.jpeg; name = himatubusi.jpg; path = ../../../Documents/himatubusi.jpg; sourceTree = "<group>"; };
		EF500D141F846DC50043566B /* noimage.png */ = {isa = PBXFileReference; lastKnownFileType = image.png; name = noimage.png; path = ../../../Documents/noimage.png; sourceTree = "<group>"; };
		EF500D151F846DC50043566B /* waste.jpg */ = {isa = PBXFileReference; lastKnownFileType = image.jpeg; name = waste.jpg; path = ../../../Documents/waste.jpg; sourceTree = "<group>"; };
		EFD1F3721F6F444E003C62BD /* Book.swift */ = {isa = PBXFileReference; fileEncoding = 4; lastKnownFileType = sourcecode.swift; path = Book.swift; sourceTree = "<group>"; };
/* End PBXFileReference section */

/* Begin PBXFrameworksBuildPhase section */
		EF18002B1F6114F600D65DB7 /* Frameworks */ = {
			isa = PBXFrameworksBuildPhase;
			buildActionMask = 2147483647;
			files = (
				EF1339591F6A1EF00073EACF /* Rswift.framework in Frameworks */,
			);
			runOnlyForDeploymentPostprocessing = 0;
		};
		EF18003F1F6114F600D65DB7 /* Frameworks */ = {
			isa = PBXFrameworksBuildPhase;
			buildActionMask = 2147483647;
			files = (
			);
			runOnlyForDeploymentPostprocessing = 0;
		};
		EF18004A1F6114F600D65DB7 /* Frameworks */ = {
			isa = PBXFrameworksBuildPhase;
			buildActionMask = 2147483647;
			files = (
			);
			runOnlyForDeploymentPostprocessing = 0;
		};
/* End PBXFrameworksBuildPhase section */

/* Begin PBXGroup section */
		EF13394C1F6A14150073EACF /* Frameworks */ = {
			isa = PBXGroup;
			children = (
				EF1339551F6A1D1A0073EACF /* rswift */,
				EF13394D1F6A14160073EACF /* Rswift.framework */,
			);
			name = Frameworks;
			sourceTree = "<group>";
		};
		EF1800251F6114F500D65DB7 = {
			isa = PBXGroup;
			children = (
				EF1339571F6A1DD20073EACF /* R.generated.swift */,
				EF13395E1F6A248F0073EACF /* Localizable.strings */,
				EF13394A1F6A05820073EACF /* .swiftlint.yml */,
				EF1800301F6114F600D65DB7 /* 書籍管理アプリ-iOS */,
				EF500D0F1F846DA10043566B /* adventure.jpg */,
				EF500D111F846DC50043566B /* animal.jpg */,
				EF500D121F846DC50043566B /* azarasi.jpg */,
				EF500D131F846DC50043566B /* himatubusi.jpg */,
				EF500D141F846DC50043566B /* noimage.png */,
				EF500D151F846DC50043566B /* waste.jpg */,
				EF1800451F6114F600D65DB7 /* 書籍管理アプリ-iOSTests */,
				EF1800501F6114F600D65DB7 /* 書籍管理アプリ-iOSUITests */,
				EF18002F1F6114F600D65DB7 /* Products */,
				EF13394C1F6A14150073EACF /* Frameworks */,
			);
			sourceTree = "<group>";
		};
		EF18002F1F6114F600D65DB7 /* Products */ = {
			isa = PBXGroup;
			children = (
				EF18002E1F6114F600D65DB7 /* 書籍管理アプリ-iOS.app */,
				EF1800421F6114F600D65DB7 /* 書籍管理アプリ-iOSTests.xctest */,
				EF18004D1F6114F600D65DB7 /* 書籍管理アプリ-iOSUITests.xctest */,
			);
			name = Products;
			sourceTree = "<group>";
		};
		EF1800301F6114F600D65DB7 /* 書籍管理アプリ-iOS */ = {
			isa = PBXGroup;
			children = (
				EF1800311F6114F600D65DB7 /* AppDelegate.swift */,
				EF032C191F7109C700AB6596 /* SettingTextField.swift */,
				EF0AAE121F6773A800E19987 /* TabBarSetting.swift */,
				EF1800331F6114F600D65DB7 /* LoginViewController.swift */,
				EF37574E1F626DF400FBCF6E /* BooksViewController.swift */,
				EF0FEF801F7E2D0900D7B838 /* SettingUI.swift */,
				EF0717071F724FBA00732883 /* BookCell.swift */,
				EFD1F3721F6F444E003C62BD /* Book.swift */,
				EF0800F01F65425C0042D566 /* AddBookViewController.swift */,
				EF036E681F664E1B00106B4C /* EditBookViewController.swift */,
				EF036E6A1F6696BE00106B4C /* BeforeSettingViewController.swift */,
				EF0AAE141F67A33100E19987 /* AccountSettingViewController.swift */,
				EF18003D1F6114F600D65DB7 /* Info.plist */,
			);
			path = "書籍管理アプリ-iOS";
			sourceTree = "<group>";
		};
		EF1800451F6114F600D65DB7 /* 書籍管理アプリ-iOSTests */ = {
			isa = PBXGroup;
			children = (
				EF1800461F6114F600D65DB7 /* _________iOSTests.swift */,
				EF1800481F6114F600D65DB7 /* Info.plist */,
			);
			path = "書籍管理アプリ-iOSTests";
			sourceTree = "<group>";
		};
		EF1800501F6114F600D65DB7 /* 書籍管理アプリ-iOSUITests */ = {
			isa = PBXGroup;
			children = (
				EF1800511F6114F600D65DB7 /* _________iOSUITests.swift */,
				EF1800531F6114F600D65DB7 /* Info.plist */,
			);
			path = "書籍管理アプリ-iOSUITests";
			sourceTree = "<group>";
		};
/* End PBXGroup section */

/* Begin PBXNativeTarget section */
		EF18002D1F6114F600D65DB7 /* 書籍管理アプリ-iOS */ = {
			isa = PBXNativeTarget;
			buildConfigurationList = EF1800561F6114F600D65DB7 /* Build configuration list for PBXNativeTarget "書籍管理アプリ-iOS" */;
			buildPhases = (
				EF18DD691F69155C00C0EAE4 /* Swiftlint */,
				EF1339521F6A16720073EACF /* rswift */,
				EF18002A1F6114F600D65DB7 /* Sources */,
				EF18002B1F6114F600D65DB7 /* Frameworks */,
				EF18002C1F6114F600D65DB7 /* Resources */,
				EF13394F1F6A145C0073EACF /* ShellScript */,
			);
			buildRules = (
				EF18DD6C1F6924F200C0EAE4 /* PBXBuildRule */,
			);
			dependencies = (
			);
			name = "書籍管理アプリ-iOS";
			productName = "書籍管理アプリ-iOS";
			productReference = EF18002E1F6114F600D65DB7 /* 書籍管理アプリ-iOS.app */;
			productType = "com.apple.product-type.application";
		};
		EF1800411F6114F600D65DB7 /* 書籍管理アプリ-iOSTests */ = {
			isa = PBXNativeTarget;
			buildConfigurationList = EF1800591F6114F600D65DB7 /* Build configuration list for PBXNativeTarget "書籍管理アプリ-iOSTests" */;
			buildPhases = (
				EF18003E1F6114F600D65DB7 /* Sources */,
				EF18003F1F6114F600D65DB7 /* Frameworks */,
				EF1800401F6114F600D65DB7 /* Resources */,
			);
			buildRules = (
			);
			dependencies = (
				EF1800441F6114F600D65DB7 /* PBXTargetDependency */,
			);
			name = "書籍管理アプリ-iOSTests";
			productName = "書籍管理アプリ-iOSTests";
			productReference = EF1800421F6114F600D65DB7 /* 書籍管理アプリ-iOSTests.xctest */;
			productType = "com.apple.product-type.bundle.unit-test";
		};
		EF18004C1F6114F600D65DB7 /* 書籍管理アプリ-iOSUITests */ = {
			isa = PBXNativeTarget;
			buildConfigurationList = EF18005C1F6114F600D65DB7 /* Build configuration list for PBXNativeTarget "書籍管理アプリ-iOSUITests" */;
			buildPhases = (
				EF1800491F6114F600D65DB7 /* Sources */,
				EF18004A1F6114F600D65DB7 /* Frameworks */,
				EF18004B1F6114F600D65DB7 /* Resources */,
			);
			buildRules = (
			);
			dependencies = (
				EF18004F1F6114F600D65DB7 /* PBXTargetDependency */,
			);
			name = "書籍管理アプリ-iOSUITests";
			productName = "書籍管理アプリ-iOSUITests";
			productReference = EF18004D1F6114F600D65DB7 /* 書籍管理アプリ-iOSUITests.xctest */;
			productType = "com.apple.product-type.bundle.ui-testing";
		};
/* End PBXNativeTarget section */

/* Begin PBXProject section */
		EF1800261F6114F600D65DB7 /* Project object */ = {
			isa = PBXProject;
			attributes = {
				LastSwiftUpdateCheck = 0830;
				LastUpgradeCheck = 0830;
				ORGANIZATIONNAME = "須藤 翔太";
				TargetAttributes = {
					EF18002D1F6114F600D65DB7 = {
						CreatedOnToolsVersion = 8.3.3;
						DevelopmentTeam = 4ETBXX8G33;
						ProvisioningStyle = Automatic;
					};
					EF1800411F6114F600D65DB7 = {
						CreatedOnToolsVersion = 8.3.3;
						DevelopmentTeam = 4ETBXX8G33;
						ProvisioningStyle = Automatic;
						TestTargetID = EF18002D1F6114F600D65DB7;
					};
					EF18004C1F6114F600D65DB7 = {
						CreatedOnToolsVersion = 8.3.3;
						DevelopmentTeam = 4ETBXX8G33;
						ProvisioningStyle = Automatic;
						TestTargetID = EF18002D1F6114F600D65DB7;
					};
				};
			};
			buildConfigurationList = EF1800291F6114F600D65DB7 /* Build configuration list for PBXProject "書籍管理アプリ-iOS" */;
			compatibilityVersion = "Xcode 3.2";
			developmentRegion = English;
			hasScannedForEncodings = 0;
			knownRegions = (
				en,
				Base,
				ja,
			);
			mainGroup = EF1800251F6114F500D65DB7;
			productRefGroup = EF18002F1F6114F600D65DB7 /* Products */;
			projectDirPath = "";
			projectRoot = "";
			targets = (
				EF18002D1F6114F600D65DB7 /* 書籍管理アプリ-iOS */,
				EF1800411F6114F600D65DB7 /* 書籍管理アプリ-iOSTests */,
				EF18004C1F6114F600D65DB7 /* 書籍管理アプリ-iOSUITests */,
			);
		};
/* End PBXProject section */

/* Begin PBXResourcesBuildPhase section */
		EF18002C1F6114F600D65DB7 /* Resources */ = {
			isa = PBXResourcesBuildPhase;
			buildActionMask = 2147483647;
			files = (
				EF500D181F846DC50043566B /* himatubusi.jpg in Resources */,
				EF13394B1F6A05820073EACF /* .swiftlint.yml in Resources */,
				EF500D191F846DC50043566B /* noimage.png in Resources */,
				EF500D1A1F846DC50043566B /* waste.jpg in Resources */,
				EF500D161F846DC50043566B /* animal.jpg in Resources */,
				EF500D171F846DC50043566B /* azarasi.jpg in Resources */,
				EF500D101F846DA10043566B /* adventure.jpg in Resources */,
				EF13395C1F6A248F0073EACF /* Localizable.strings in Resources */,
			);
			runOnlyForDeploymentPostprocessing = 0;
		};
		EF1800401F6114F600D65DB7 /* Resources */ = {
			isa = PBXResourcesBuildPhase;
			buildActionMask = 2147483647;
			files = (
			);
			runOnlyForDeploymentPostprocessing = 0;
		};
		EF18004B1F6114F600D65DB7 /* Resources */ = {
			isa = PBXResourcesBuildPhase;
			buildActionMask = 2147483647;
			files = (
			);
			runOnlyForDeploymentPostprocessing = 0;
		};
/* End PBXResourcesBuildPhase section */

/* Begin PBXShellScriptBuildPhase section */
		EF13394F1F6A145C0073EACF /* ShellScript */ = {
			isa = PBXShellScriptBuildPhase;
			buildActionMask = 2147483647;
			files = (
			);
			inputPaths = (
				"$(SRCROOT)/Carthage/Build/iOS/Rswift.framework",
			);
			outputPaths = (
			);
			runOnlyForDeploymentPostprocessing = 0;
			shellPath = /bin/sh;
			shellScript = "/usr/local/bin/carthage copy-frameworks";
		};
		EF1339521F6A16720073EACF /* rswift */ = {
			isa = PBXShellScriptBuildPhase;
			buildActionMask = 2147483647;
			files = (
			);
			inputPaths = (
			);
			name = rswift;
			outputPaths = (
			);
			runOnlyForDeploymentPostprocessing = 0;
			shellPath = /bin/sh;
			shellScript = "\"$SRCROOT/rswift\" \"$SRCROOT\"";
		};
		EF18DD691F69155C00C0EAE4 /* Swiftlint */ = {
			isa = PBXShellScriptBuildPhase;
			buildActionMask = 2147483647;
			files = (
			);
			inputPaths = (
			);
			name = Swiftlint;
			outputPaths = (
			);
			runOnlyForDeploymentPostprocessing = 0;
			shellPath = /bin/sh;
			shellScript = "if which swiftlint >/dev/null; then\nswiftlint\nelse\necho \"SwiftLint does not exist, download from https://github.com/realm/SwiftLint\"\nfi";
		};
/* End PBXShellScriptBuildPhase section */

/* Begin PBXSourcesBuildPhase section */
		EF18002A1F6114F600D65DB7 /* Sources */ = {
			isa = PBXSourcesBuildPhase;
			buildActionMask = 2147483647;
			files = (
				EF0717081F724FBA00732883 /* BookCell.swift in Sources */,
				EF032C1A1F7109C700AB6596 /* SettingTextField.swift in Sources */,
				EF1800341F6114F600D65DB7 /* LoginViewController.swift in Sources */,
				EF036E6B1F6696BE00106B4C /* BeforeSettingViewController.swift in Sources */,
				EF1339581F6A1DD20073EACF /* R.generated.swift in Sources */,
				EF0AAE131F6773A800E19987 /* TabBarSetting.swift in Sources */,
				EF37574F1F626DF400FBCF6E /* BooksViewController.swift in Sources */,
				EF1800321F6114F600D65DB7 /* AppDelegate.swift in Sources */,
				EF0AAE151F67A33100E19987 /* AccountSettingViewController.swift in Sources */,
				EF0FEF811F7E2D0900D7B838 /* SettingUI.swift in Sources */,
				EF036E691F664E1B00106B4C /* EditBookViewController.swift in Sources */,
				EFD1F3731F6F444E003C62BD /* Book.swift in Sources */,
				EF0800F11F65425C0042D566 /* AddBookViewController.swift in Sources */,
			);
			runOnlyForDeploymentPostprocessing = 0;
		};
		EF18003E1F6114F600D65DB7 /* Sources */ = {
			isa = PBXSourcesBuildPhase;
			buildActionMask = 2147483647;
			files = (
				EF1800471F6114F600D65DB7 /* _________iOSTests.swift in Sources */,
			);
			runOnlyForDeploymentPostprocessing = 0;
		};
		EF1800491F6114F600D65DB7 /* Sources */ = {
			isa = PBXSourcesBuildPhase;
			buildActionMask = 2147483647;
			files = (
				EF1800521F6114F600D65DB7 /* _________iOSUITests.swift in Sources */,
			);
			runOnlyForDeploymentPostprocessing = 0;
		};
/* End PBXSourcesBuildPhase section */

/* Begin PBXTargetDependency section */
		EF1800441F6114F600D65DB7 /* PBXTargetDependency */ = {
			isa = PBXTargetDependency;
			target = EF18002D1F6114F600D65DB7 /* 書籍管理アプリ-iOS */;
			targetProxy = EF1800431F6114F600D65DB7 /* PBXContainerItemProxy */;
		};
		EF18004F1F6114F600D65DB7 /* PBXTargetDependency */ = {
			isa = PBXTargetDependency;
			target = EF18002D1F6114F600D65DB7 /* 書籍管理アプリ-iOS */;
			targetProxy = EF18004E1F6114F600D65DB7 /* PBXContainerItemProxy */;
		};
/* End PBXTargetDependency section */

/* Begin PBXVariantGroup section */
		EF13395E1F6A248F0073EACF /* Localizable.strings */ = {
			isa = PBXVariantGroup;
			children = (
				EF13395D1F6A248F0073EACF /* Base */,
				EF13395F1F6A25330073EACF /* ja */,
			);
			name = Localizable.strings;
			sourceTree = "<group>";
		};
/* End PBXVariantGroup section */

/* Begin XCBuildConfiguration section */
		EF1800541F6114F600D65DB7 /* Debug */ = {
			isa = XCBuildConfiguration;
			buildSettings = {
				ALWAYS_SEARCH_USER_PATHS = NO;
				CLANG_ANALYZER_LOCALIZABILITY_NONLOCALIZED = YES;
				CLANG_ANALYZER_NONNULL = YES;
				CLANG_ANALYZER_NUMBER_OBJECT_CONVERSION = YES_AGGRESSIVE;
				CLANG_CXX_LANGUAGE_STANDARD = "gnu++0x";
				CLANG_CXX_LIBRARY = "libc++";
				CLANG_ENABLE_MODULES = YES;
				CLANG_ENABLE_OBJC_ARC = YES;
				CLANG_WARN_BOOL_CONVERSION = YES;
				CLANG_WARN_CONSTANT_CONVERSION = YES;
				CLANG_WARN_DIRECT_OBJC_ISA_USAGE = YES_ERROR;
				CLANG_WARN_DOCUMENTATION_COMMENTS = YES;
				CLANG_WARN_EMPTY_BODY = YES;
				CLANG_WARN_ENUM_CONVERSION = YES;
				CLANG_WARN_INFINITE_RECURSION = YES;
				CLANG_WARN_INT_CONVERSION = YES;
				CLANG_WARN_OBJC_ROOT_CLASS = YES_ERROR;
				CLANG_WARN_SUSPICIOUS_MOVE = YES;
				CLANG_WARN_UNREACHABLE_CODE = YES;
				CLANG_WARN__DUPLICATE_METHOD_MATCH = YES;
				"CODE_SIGN_IDENTITY[sdk=iphoneos*]" = "iPhone Developer";
				COPY_PHASE_STRIP = NO;
				DEBUG_INFORMATION_FORMAT = dwarf;
				ENABLE_STRICT_OBJC_MSGSEND = YES;
				ENABLE_TESTABILITY = YES;
				GCC_C_LANGUAGE_STANDARD = gnu99;
				GCC_DYNAMIC_NO_PIC = NO;
				GCC_NO_COMMON_BLOCKS = YES;
				GCC_OPTIMIZATION_LEVEL = 0;
				GCC_PREPROCESSOR_DEFINITIONS = (
					"DEBUG=1",
					"$(inherited)",
				);
				GCC_WARN_64_TO_32_BIT_CONVERSION = YES;
				GCC_WARN_ABOUT_RETURN_TYPE = YES_ERROR;
				GCC_WARN_UNDECLARED_SELECTOR = YES;
				GCC_WARN_UNINITIALIZED_AUTOS = YES_AGGRESSIVE;
				GCC_WARN_UNUSED_FUNCTION = YES;
				GCC_WARN_UNUSED_VARIABLE = YES;
				IPHONEOS_DEPLOYMENT_TARGET = 10.3;
				MTL_ENABLE_DEBUG_INFO = YES;
				ONLY_ACTIVE_ARCH = YES;
				SDKROOT = iphoneos;
				SWIFT_ACTIVE_COMPILATION_CONDITIONS = DEBUG;
				SWIFT_OPTIMIZATION_LEVEL = "-Onone";
				TARGETED_DEVICE_FAMILY = "1,2";
			};
			name = Debug;
		};
		EF1800551F6114F600D65DB7 /* Release */ = {
			isa = XCBuildConfiguration;
			buildSettings = {
				ALWAYS_SEARCH_USER_PATHS = NO;
				CLANG_ANALYZER_LOCALIZABILITY_NONLOCALIZED = YES;
				CLANG_ANALYZER_NONNULL = YES;
				CLANG_ANALYZER_NUMBER_OBJECT_CONVERSION = YES_AGGRESSIVE;
				CLANG_CXX_LANGUAGE_STANDARD = "gnu++0x";
				CLANG_CXX_LIBRARY = "libc++";
				CLANG_ENABLE_MODULES = YES;
				CLANG_ENABLE_OBJC_ARC = YES;
				CLANG_WARN_BOOL_CONVERSION = YES;
				CLANG_WARN_CONSTANT_CONVERSION = YES;
				CLANG_WARN_DIRECT_OBJC_ISA_USAGE = YES_ERROR;
				CLANG_WARN_DOCUMENTATION_COMMENTS = YES;
				CLANG_WARN_EMPTY_BODY = YES;
				CLANG_WARN_ENUM_CONVERSION = YES;
				CLANG_WARN_INFINITE_RECURSION = YES;
				CLANG_WARN_INT_CONVERSION = YES;
				CLANG_WARN_OBJC_ROOT_CLASS = YES_ERROR;
				CLANG_WARN_SUSPICIOUS_MOVE = YES;
				CLANG_WARN_UNREACHABLE_CODE = YES;
				CLANG_WARN__DUPLICATE_METHOD_MATCH = YES;
				"CODE_SIGN_IDENTITY[sdk=iphoneos*]" = "iPhone Developer";
				COPY_PHASE_STRIP = NO;
				DEBUG_INFORMATION_FORMAT = "dwarf-with-dsym";
				ENABLE_NS_ASSERTIONS = NO;
				ENABLE_STRICT_OBJC_MSGSEND = YES;
				GCC_C_LANGUAGE_STANDARD = gnu99;
				GCC_NO_COMMON_BLOCKS = YES;
				GCC_WARN_64_TO_32_BIT_CONVERSION = YES;
				GCC_WARN_ABOUT_RETURN_TYPE = YES_ERROR;
				GCC_WARN_UNDECLARED_SELECTOR = YES;
				GCC_WARN_UNINITIALIZED_AUTOS = YES_AGGRESSIVE;
				GCC_WARN_UNUSED_FUNCTION = YES;
				GCC_WARN_UNUSED_VARIABLE = YES;
				IPHONEOS_DEPLOYMENT_TARGET = 10.3;
				MTL_ENABLE_DEBUG_INFO = NO;
				SDKROOT = iphoneos;
				SWIFT_OPTIMIZATION_LEVEL = "-Owholemodule";
				TARGETED_DEVICE_FAMILY = "1,2";
				VALIDATE_PRODUCT = YES;
			};
			name = Release;
		};
		EF1800571F6114F600D65DB7 /* Debug */ = {
			isa = XCBuildConfiguration;
			buildSettings = {
				ASSETCATALOG_COMPILER_APPICON_NAME = AppIcon;
				DEVELOPMENT_TEAM = 4ETBXX8G33;
				FRAMEWORK_SEARCH_PATHS = (
					"$(inherited)",
					"$(PROJECT_DIR)/Carthage/Build/iOS",
				);
				INFOPLIST_FILE = "書籍管理アプリ-iOS/Info.plist";
				LD_RUNPATH_SEARCH_PATHS = "$(inherited) @executable_path/Frameworks";
				LIBRARY_SEARCH_PATHS = (
					"$(inherited)",
					"$(PROJECT_DIR)/Carthage/Build/iOS/Rswift.framework",
				);
				NEW_SETTING = "";
				PRODUCT_BUNDLE_IDENTIFIER = "com.example.someone.---------iOS";
				PRODUCT_NAME = "$(TARGET_NAME)";
				SWIFT_VERSION = 3.0;
			};
			name = Debug;
		};
		EF1800581F6114F600D65DB7 /* Release */ = {
			isa = XCBuildConfiguration;
			buildSettings = {
				ASSETCATALOG_COMPILER_APPICON_NAME = AppIcon;
				DEVELOPMENT_TEAM = 4ETBXX8G33;
				FRAMEWORK_SEARCH_PATHS = (
					"$(inherited)",
					"$(PROJECT_DIR)/Carthage/Build/iOS",
				);
				INFOPLIST_FILE = "書籍管理アプリ-iOS/Info.plist";
				LD_RUNPATH_SEARCH_PATHS = "$(inherited) @executable_path/Frameworks";
				LIBRARY_SEARCH_PATHS = (
					"$(inherited)",
					"$(PROJECT_DIR)/Carthage/Build/iOS/Rswift.framework",
				);
				NEW_SETTING = "";
				PRODUCT_BUNDLE_IDENTIFIER = "com.example.someone.---------iOS";
				PRODUCT_NAME = "$(TARGET_NAME)";
				SWIFT_VERSION = 3.0;
			};
			name = Release;
		};
		EF18005A1F6114F600D65DB7 /* Debug */ = {
			isa = XCBuildConfiguration;
			buildSettings = {
				ALWAYS_EMBED_SWIFT_STANDARD_LIBRARIES = YES;
				BUNDLE_LOADER = "$(TEST_HOST)";
				DEVELOPMENT_TEAM = 4ETBXX8G33;
				INFOPLIST_FILE = "書籍管理アプリ-iOSTests/Info.plist";
				LD_RUNPATH_SEARCH_PATHS = "$(inherited) @executable_path/Frameworks @loader_path/Frameworks";
				PRODUCT_BUNDLE_IDENTIFIER = "com.example.someone.---------iOSTests";
				PRODUCT_NAME = "$(TARGET_NAME)";
				SWIFT_VERSION = 3.0;
				TEST_HOST = "$(BUILT_PRODUCTS_DIR)/書籍管理アプリ-iOS.app/書籍管理アプリ-iOS";
			};
			name = Debug;
		};
		EF18005B1F6114F600D65DB7 /* Release */ = {
			isa = XCBuildConfiguration;
			buildSettings = {
				ALWAYS_EMBED_SWIFT_STANDARD_LIBRARIES = YES;
				BUNDLE_LOADER = "$(TEST_HOST)";
				DEVELOPMENT_TEAM = 4ETBXX8G33;
				INFOPLIST_FILE = "書籍管理アプリ-iOSTests/Info.plist";
				LD_RUNPATH_SEARCH_PATHS = "$(inherited) @executable_path/Frameworks @loader_path/Frameworks";
				PRODUCT_BUNDLE_IDENTIFIER = "com.example.someone.---------iOSTests";
				PRODUCT_NAME = "$(TARGET_NAME)";
				SWIFT_VERSION = 3.0;
				TEST_HOST = "$(BUILT_PRODUCTS_DIR)/書籍管理アプリ-iOS.app/書籍管理アプリ-iOS";
			};
			name = Release;
		};
		EF18005D1F6114F600D65DB7 /* Debug */ = {
			isa = XCBuildConfiguration;
			buildSettings = {
				ALWAYS_EMBED_SWIFT_STANDARD_LIBRARIES = YES;
				DEVELOPMENT_TEAM = 4ETBXX8G33;
				INFOPLIST_FILE = "書籍管理アプリ-iOSUITests/Info.plist";
				LD_RUNPATH_SEARCH_PATHS = "$(inherited) @executable_path/Frameworks @loader_path/Frameworks";
				PRODUCT_BUNDLE_IDENTIFIER = "com.example.someone.---------iOSUITests";
				PRODUCT_NAME = "$(TARGET_NAME)";
				SWIFT_VERSION = 3.0;
				TEST_TARGET_NAME = "書籍管理アプリ-iOS";
			};
			name = Debug;
		};
		EF18005E1F6114F600D65DB7 /* Release */ = {
			isa = XCBuildConfiguration;
			buildSettings = {
				ALWAYS_EMBED_SWIFT_STANDARD_LIBRARIES = YES;
				DEVELOPMENT_TEAM = 4ETBXX8G33;
				INFOPLIST_FILE = "書籍管理アプリ-iOSUITests/Info.plist";
				LD_RUNPATH_SEARCH_PATHS = "$(inherited) @executable_path/Frameworks @loader_path/Frameworks";
				PRODUCT_BUNDLE_IDENTIFIER = "com.example.someone.---------iOSUITests";
				PRODUCT_NAME = "$(TARGET_NAME)";
				SWIFT_VERSION = 3.0;
				TEST_TARGET_NAME = "書籍管理アプリ-iOS";
			};
			name = Release;
		};
/* End XCBuildConfiguration section */

/* Begin XCConfigurationList section */
		EF1800291F6114F600D65DB7 /* Build configuration list for PBXProject "書籍管理アプリ-iOS" */ = {
			isa = XCConfigurationList;
			buildConfigurations = (
				EF1800541F6114F600D65DB7 /* Debug */,
				EF1800551F6114F600D65DB7 /* Release */,
			);
			defaultConfigurationIsVisible = 0;
			defaultConfigurationName = Release;
		};
		EF1800561F6114F600D65DB7 /* Build configuration list for PBXNativeTarget "書籍管理アプリ-iOS" */ = {
			isa = XCConfigurationList;
			buildConfigurations = (
				EF1800571F6114F600D65DB7 /* Debug */,
				EF1800581F6114F600D65DB7 /* Release */,
			);
			defaultConfigurationIsVisible = 0;
			defaultConfigurationName = Release;
		};
		EF1800591F6114F600D65DB7 /* Build configuration list for PBXNativeTarget "書籍管理アプリ-iOSTests" */ = {
			isa = XCConfigurationList;
			buildConfigurations = (
				EF18005A1F6114F600D65DB7 /* Debug */,
				EF18005B1F6114F600D65DB7 /* Release */,
			);
			defaultConfigurationIsVisible = 0;
			defaultConfigurationName = Release;
		};
		EF18005C1F6114F600D65DB7 /* Build configuration list for PBXNativeTarget "書籍管理アプリ-iOSUITests" */ = {
			isa = XCConfigurationList;
			buildConfigurations = (
				EF18005D1F6114F600D65DB7 /* Debug */,
				EF18005E1F6114F600D65DB7 /* Release */,
			);
			defaultConfigurationIsVisible = 0;
			defaultConfigurationName = Release;
		};
/* End XCConfigurationList section */
	};
	rootObject = EF1800261F6114F600D65DB7 /* Project object */;
}
